{
    "name": "comment-tagged-templates",
    "version": "0.1.1",
    "lockfileVersion": 1,
    "requires": true,
    "dependencies": {
        "@types/node": {
            "version": "10.5.1",
            "resolved": "https://registry.npmjs.org/@types/node/-/node-10.5.1.tgz",
            "integrity": "sha512-AFLl1IALIuyt6oK4AYZsgWVJ/5rnyzQWud7IebaZWWV3YmgtPZkQmYio9R5Ze/2pdd7XfqF5bP+hWS11mAKoOQ==",
            "dev": true
        }
    }
}
